
Microsoft Visual Studio Solution File, Format Version 12.00
# Visual Studio Version 16
VisualStudioVersion = 16.0.30002.166
MinimumVisualStudioVersion = 10.0.40219.1
Project("{2150E333-8FDC-42A3-9474-1A3956D46DE8}") = "src", "src", "{44B7124F-60B9-4FB3-9DF4-4AD442397700}"
EndProject
Project("{2150E333-8FDC-42A3-9474-1A3956D46DE8}") = "Services", "Services", "{95F1A5F1-558A-434C-9594-F1FD51C2205C}"
EndProject
Project("{2150E333-8FDC-42A3-9474-1A3956D46DE8}") = "Ads", "Ads", "{EEF82E58-5C32-4D2B-A462-24956D5C564A}"
EndProject
Project("{2150E333-8FDC-42A3-9474-1A3956D46DE8}") = "Identity", "Identity", "{26915013-0B7F-4C29-81F2-7633B2FA3233}"
EndProject
Project("{2150E333-8FDC-42A3-9474-1A3956D46DE8}") = "ApiGateways", "ApiGateways", "{547BF1E3-614A-48E7-806B-3B89EB549B1C}"
EndProject
Project("{9A19103F-16F7-4668-BE54-9A1E7A4F7556}") = "Ads.Domain", "Services\Ads\Ad.Domain\Ads.Domain.csproj", "{2098387F-1079-44B0-8837-A7F5A391D5EC}"
EndProject
Project("{9A19103F-16F7-4668-BE54-9A1E7A4F7556}") = "Ads.Infrastructure", "Services\Ads\Ads.Infrastructure\Ads.Infrastructure.csproj", "{C062E653-1198-49B4-9A6C-1246485ED747}"
EndProject
Project("{2150E333-8FDC-42A3-9474-1A3956D46DE8}") = "Tests", "Tests", "{D29069F8-60B7-4ED8-9148-CEDCC35BAB2E}"
EndProject
Project("{9A19103F-16F7-4668-BE54-9A1E7A4F7556}") = "Ads.API", "Services\Ads\Ads.API\Ads.API.csproj", "{3A9B8D88-BEB4-4A4B-B2D7-44E352EA0EE0}"
EndProject
Project("{9A19103F-16F7-4668-BE54-9A1E7A4F7556}") = "Ads.UnitTests", "Services\Ads\Tests\Ads.UnitTests\Ads.UnitTests.csproj", "{E08DD08B-031D-45CE-B8A1-0078E7354E9D}"
EndProject
Project("{9A19103F-16F7-4668-BE54-9A1E7A4F7556}") = "Identity.API", "Services\Identity\Identity.API\Identity.API.csproj", "{A608277C-BD5D-4ABF-974A-9E8D00ADE8B9}"
EndProject
Project("{9A19103F-16F7-4668-BE54-9A1E7A4F7556}") = "Ineedit.Web.HttpAggregator", "ApiGateways\Ineedit.Web.HttpAggregator\Ineedit.Web.HttpAggregator.csproj", "{05E91F5A-359A-4516-BC38-48C832C04D9B}"
EndProject
Project("{9A19103F-16F7-4668-BE54-9A1E7A4F7556}") = "Ads.Dtos", "Ads.Dtos\Ads.Dtos.csproj", "{26A8CEB7-3B51-4BE8-B264-BD04839142C2}"
EndProject
Project("{2150E333-8FDC-42A3-9474-1A3956D46DE8}") = "BuildingBlocks", "BuildingBlocks", "{0557DFE1-EACA-481C-BA51-D92639138AF6}"
EndProject
Project("{2150E333-8FDC-42A3-9474-1A3956D46DE8}") = "WebHost", "WebHost", "{BB5A65A2-B18D-4BA8-8BEA-6BD23A849CF7}"
EndProject
Project("{9A19103F-16F7-4668-BE54-9A1E7A4F7556}") = "WebHost.Customization", "WebHost.Customization\WebHost.Customization.csproj", "{6A369196-84EB-4573-B066-0A7BC355D39D}"
EndProject
Project("{2150E333-8FDC-42A3-9474-1A3956D46DE8}") = "ServicesLibs", "ServicesLibs", "{214FFF85-7FC6-4D03-AC4E-79E90DB43F37}"
EndProject
Project("{FAE04EC0-301F-11D3-BF4B-00C04F79EFBC}") = "IdentityLib", "Identity.Sevices\IdentityLib.csproj", "{2CF9195B-2061-40C3-88F6-D9EA636B1422}"
EndProject
Global
	GlobalSection(SolutionConfigurationPlatforms) = preSolution
		Debug|Any CPU = Debug|Any CPU
		Release|Any CPU = Release|Any CPU
	EndGlobalSection
	GlobalSection(ProjectConfigurationPlatforms) = postSolution
		{2098387F-1079-44B0-8837-A7F5A391D5EC}.Debug|Any CPU.ActiveCfg = Debug|Any CPU
		{2098387F-1079-44B0-8837-A7F5A391D5EC}.Debug|Any CPU.Build.0 = Debug|Any CPU
		{2098387F-1079-44B0-8837-A7F5A391D5EC}.Release|Any CPU.ActiveCfg = Release|Any CPU
		{2098387F-1079-44B0-8837-A7F5A391D5EC}.Release|Any CPU.Build.0 = Release|Any CPU
		{C062E653-1198-49B4-9A6C-1246485ED747}.Debug|Any CPU.ActiveCfg = Debug|Any CPU
		{C062E653-1198-49B4-9A6C-1246485ED747}.Debug|Any CPU.Build.0 = Debug|Any CPU
		{C062E653-1198-49B4-9A6C-1246485ED747}.Release|Any CPU.ActiveCfg = Release|Any CPU
		{C062E653-1198-49B4-9A6C-1246485ED747}.Release|Any CPU.Build.0 = Release|Any CPU
		{3A9B8D88-BEB4-4A4B-B2D7-44E352EA0EE0}.Debug|Any CPU.ActiveCfg = Debug|Any CPU
		{3A9B8D88-BEB4-4A4B-B2D7-44E352EA0EE0}.Debug|Any CPU.Build.0 = Debug|Any CPU
		{3A9B8D88-BEB4-4A4B-B2D7-44E352EA0EE0}.Release|Any CPU.ActiveCfg = Release|Any CPU
		{3A9B8D88-BEB4-4A4B-B2D7-44E352EA0EE0}.Release|Any CPU.Build.0 = Release|Any CPU
		{E08DD08B-031D-45CE-B8A1-0078E7354E9D}.Debug|Any CPU.ActiveCfg = Debug|Any CPU
		{E08DD08B-031D-45CE-B8A1-0078E7354E9D}.Debug|Any CPU.Build.0 = Debug|Any CPU
		{E08DD08B-031D-45CE-B8A1-0078E7354E9D}.Release|Any CPU.ActiveCfg = Release|Any CPU
		{E08DD08B-031D-45CE-B8A1-0078E7354E9D}.Release|Any CPU.Build.0 = Release|Any CPU
		{A608277C-BD5D-4ABF-974A-9E8D00ADE8B9}.Debug|Any CPU.ActiveCfg = Debug|Any CPU
		{A608277C-BD5D-4ABF-974A-9E8D00ADE8B9}.Debug|Any CPU.Build.0 = Debug|Any CPU
		{A608277C-BD5D-4ABF-974A-9E8D00ADE8B9}.Release|Any CPU.ActiveCfg = Release|Any CPU
		{A608277C-BD5D-4ABF-974A-9E8D00ADE8B9}.Release|Any CPU.Build.0 = Release|Any CPU
		{05E91F5A-359A-4516-BC38-48C832C04D9B}.Debug|Any CPU.ActiveCfg = Debug|Any CPU
		{05E91F5A-359A-4516-BC38-48C832C04D9B}.Debug|Any CPU.Build.0 = Debug|Any CPU
		{05E91F5A-359A-4516-BC38-48C832C04D9B}.Release|Any CPU.ActiveCfg = Release|Any CPU
		{05E91F5A-359A-4516-BC38-48C832C04D9B}.Release|Any CPU.Build.0 = Release|Any CPU
		{26A8CEB7-3B51-4BE8-B264-BD04839142C2}.Debug|Any CPU.ActiveCfg = Debug|Any CPU
		{26A8CEB7-3B51-4BE8-B264-BD04839142C2}.Debug|Any CPU.Build.0 = Debug|Any CPU
		{26A8CEB7-3B51-4BE8-B264-BD04839142C2}.Release|Any CPU.ActiveCfg = Release|Any CPU
		{26A8CEB7-3B51-4BE8-B264-BD04839142C2}.Release|Any CPU.Build.0 = Release|Any CPU
		{6A369196-84EB-4573-B066-0A7BC355D39D}.Debug|Any CPU.ActiveCfg = Debug|Any CPU
		{6A369196-84EB-4573-B066-0A7BC355D39D}.Debug|Any CPU.Build.0 = Debug|Any CPU
		{6A369196-84EB-4573-B066-0A7BC355D39D}.Release|Any CPU.ActiveCfg = Release|Any CPU
		{6A369196-84EB-4573-B066-0A7BC355D39D}.Release|Any CPU.Build.0 = Release|Any CPU
		{2CF9195B-2061-40C3-88F6-D9EA636B1422}.Debug|Any CPU.ActiveCfg = Debug|Any CPU
		{2CF9195B-2061-40C3-88F6-D9EA636B1422}.Debug|Any CPU.Build.0 = Debug|Any CPU
		{2CF9195B-2061-40C3-88F6-D9EA636B1422}.Release|Any CPU.ActiveCfg = Release|Any CPU
		{2CF9195B-2061-40C3-88F6-D9EA636B1422}.Release|Any CPU.Build.0 = Release|Any CPU
	EndGlobalSection
	GlobalSection(SolutionProperties) = preSolution
		HideSolutionNode = FALSE
	EndGlobalSection
	GlobalSection(NestedProjects) = preSolution
		{95F1A5F1-558A-434C-9594-F1FD51C2205C} = {44B7124F-60B9-4FB3-9DF4-4AD442397700}
		{EEF82E58-5C32-4D2B-A462-24956D5C564A} = {95F1A5F1-558A-434C-9594-F1FD51C2205C}
		{26915013-0B7F-4C29-81F2-7633B2FA3233} = {95F1A5F1-558A-434C-9594-F1FD51C2205C}
		{547BF1E3-614A-48E7-806B-3B89EB549B1C} = {44B7124F-60B9-4FB3-9DF4-4AD442397700}
		{2098387F-1079-44B0-8837-A7F5A391D5EC} = {EEF82E58-5C32-4D2B-A462-24956D5C564A}
		{C062E653-1198-49B4-9A6C-1246485ED747} = {EEF82E58-5C32-4D2B-A462-24956D5C564A}
		{D29069F8-60B7-4ED8-9148-CEDCC35BAB2E} = {EEF82E58-5C32-4D2B-A462-24956D5C564A}
		{3A9B8D88-BEB4-4A4B-B2D7-44E352EA0EE0} = {EEF82E58-5C32-4D2B-A462-24956D5C564A}
		{E08DD08B-031D-45CE-B8A1-0078E7354E9D} = {D29069F8-60B7-4ED8-9148-CEDCC35BAB2E}
		{A608277C-BD5D-4ABF-974A-9E8D00ADE8B9} = {26915013-0B7F-4C29-81F2-7633B2FA3233}
		{05E91F5A-359A-4516-BC38-48C832C04D9B} = {547BF1E3-614A-48E7-806B-3B89EB549B1C}
		{26A8CEB7-3B51-4BE8-B264-BD04839142C2} = {EEF82E58-5C32-4D2B-A462-24956D5C564A}
		{0557DFE1-EACA-481C-BA51-D92639138AF6} = {44B7124F-60B9-4FB3-9DF4-4AD442397700}
		{BB5A65A2-B18D-4BA8-8BEA-6BD23A849CF7} = {0557DFE1-EACA-481C-BA51-D92639138AF6}
		{6A369196-84EB-4573-B066-0A7BC355D39D} = {BB5A65A2-B18D-4BA8-8BEA-6BD23A849CF7}
		{214FFF85-7FC6-4D03-AC4E-79E90DB43F37} = {44B7124F-60B9-4FB3-9DF4-4AD442397700}
		{2CF9195B-2061-40C3-88F6-D9EA636B1422} = {214FFF85-7FC6-4D03-AC4E-79E90DB43F37}
	EndGlobalSection
	GlobalSection(ExtensibilityGlobals) = postSolution
		SolutionGuid = {6C8FDA2E-3F48-474C-A054-A7097D17F18E}
	EndGlobalSection
EndGlobal
